
Microsoft Visual Studio Solution File, Format Version 12.00
# Visual Studio 14
VisualStudioVersion = 14.0.25123.0
MinimumVisualStudioVersion = 10.0.40219.1
Project("{FAE04EC0-301F-11D3-BF4B-00C04F79EFBC}") = "BooleanCalculator", "ModernUINavigationApp1\BooleanCalculator.csproj", "{B44DD761-9906-42C5-A30C-087C10F94D11}"
EndProject
Global
	GlobalSection(SolutionConfigurationPlatforms) = preSolution
		Debug|Any CPU = Debug|Any CPU
		Release|Any CPU = Release|Any CPU
	EndGlobalSection
	GlobalSection(ProjectConfigurationPlatforms) = postSolution
		{B44DD761-9906-42C5-A30C-087C10F94D11}.Debug|Any CPU.ActiveCfg = Debug|Any CPU
		{B44DD761-9906-42C5-A30C-087C10F94D11}.Debug|Any CPU.Build.0 = Debug|Any CPU
		{B44DD761-9906-42C5-A30C-087C10F94D11}.Release|Any CPU.ActiveCfg = Release|Any CPU
		{B44DD761-9906-42C5-A30C-087C10F94D11}.Release|Any CPU.Build.0 = Release|Any CPU
	EndGlobalSection
	GlobalSection(SolutionProperties) = preSolution
		HideSolutionNode = FALSE
	EndGlobalSection
EndGlobal
